// !$*UTF8*$!
{
	archiveVersion = 1;
	classes = {
	};
	objectVersion = 54;
	objects = {

/* Begin PBXBuildFile section */
		0CBD9649C35A451BBAE8EB44 /* Rubik-BlackItalic.ttf in Resources */ = {isa = PBXBuildFile; fileRef = 2A3399E4E8294DB582FFD3D9 /* Rubik-BlackItalic.ttf */; };
		13B07FBC1A68108700A75B9A /* AppDelegate.mm in Sources */ = {isa = PBXBuildFile; fileRef = 13B07FB01A68108700A75B9A /* AppDelegate.mm */; };
		13B07FBF1A68108700A75B9A /* Images.xcassets in Resources */ = {isa = PBXBuildFile; fileRef = 13B07FB51A68108700A75B9A /* Images.xcassets */; };
		13B07FC11A68108700A75B9A /* main.m in Sources */ = {isa = PBXBuildFile; fileRef = 13B07FB71A68108700A75B9A /* main.m */; };
		1A7BF4E146604284B7165487 /* Rubik-Medium.ttf in Resources */ = {isa = PBXBuildFile; fileRef = 1FEBB02865B34A48A3193098 /* Rubik-Medium.ttf */; };
		2081A9F097CB4D278C397F06 /* Rubik-BoldItalic.ttf in Resources */ = {isa = PBXBuildFile; fileRef = 73FD3808B3BA47ABAF5D5844 /* Rubik-BoldItalic.ttf */; };
		3262B60392BD60F1D27189D4 /* libPods-OneSignalNotificationServiceExtension.a in Frameworks */ = {isa = PBXBuildFile; fileRef = 9731C7E04A2CDC35D9BF8CD7 /* libPods-OneSignalNotificationServiceExtension.a */; };
		42E9AD59C82B4C4393156B90 /* Rubik-SemiBoldItalic.ttf in Resources */ = {isa = PBXBuildFile; fileRef = B438CBA055054A6CA65BB8E5 /* Rubik-SemiBoldItalic.ttf */; };
		4F2A323778AC45E4A458F46F /* Rubik-ExtraBold.ttf in Resources */ = {isa = PBXBuildFile; fileRef = D4A0E9C896584504898515FF /* Rubik-ExtraBold.ttf */; };
		5A5D5E5985C448D3A6549C38 /* Rubik-Light.ttf in Resources */ = {isa = PBXBuildFile; fileRef = B3EFB6C29C8D47F5B0432450 /* Rubik-Light.ttf */; };
		5F9388886ADF4A68B6CDE738 /* Rubik-ExtraBoldItalic.ttf in Resources */ = {isa = PBXBuildFile; fileRef = 862812373F2F4F9AA9AF047E /* Rubik-ExtraBoldItalic.ttf */; };
		777D5B2429E5D661006BFBDC /* Nunito-Regular.ttf in Resources */ = {isa = PBXBuildFile; fileRef = 777D5B1729E5D5D2006BFBDC /* Nunito-Regular.ttf */; };
		777D5B2529E5D663006BFBDC /* Nunito-Medium.ttf in Resources */ = {isa = PBXBuildFile; fileRef = 777D5B1529E5D5D2006BFBDC /* Nunito-Medium.ttf */; };
		777D5B2629E5D665006BFBDC /* Nunito-Light.ttf in Resources */ = {isa = PBXBuildFile; fileRef = 777D5B1329E5D5D1006BFBDC /* Nunito-Light.ttf */; };
		777D5B2729E5D667006BFBDC /* Nunito-Bold.ttf in Resources */ = {isa = PBXBuildFile; fileRef = 777D5B1929E5D5D2006BFBDC /* Nunito-Bold.ttf */; };
		777D5B2829E5D669006BFBDC /* Nunito-Black.ttf in Resources */ = {isa = PBXBuildFile; fileRef = 777D5B1229E5D5D1006BFBDC /* Nunito-Black.ttf */; };
		77DA14302A61EFF9006631CB /* NotificationService.swift in Sources */ = {isa = PBXBuildFile; fileRef = 77DA142F2A61EFF9006631CB /* NotificationService.swift */; };
		77DA14342A61EFF9006631CB /* OneSignalNotificationServiceExtension.appex in Embed Foundation Extensions */ = {isa = PBXBuildFile; fileRef = 77DA142D2A61EFF9006631CB /* OneSignalNotificationServiceExtension.appex */; settings = {ATTRIBUTES = (RemoveHeadersOnCopy, ); }; };
		805B9F6130366527C26E9AE1 /* libPods-qp.a in Frameworks */ = {isa = PBXBuildFile; fileRef = A45E3CF59437C9C0E4EA1971 /* libPods-qp.a */; };
		81AB9BB82411601600AC10FF /* LaunchScreen.storyboard in Resources */ = {isa = PBXBuildFile; fileRef = 81AB9BB72411601600AC10FF /* LaunchScreen.storyboard */; };
		85BFC382194A4343A18616FC /* Rubik-LightItalic.ttf in Resources */ = {isa = PBXBuildFile; fileRef = 3246E67C82C149CBABB63608 /* Rubik-LightItalic.ttf */; };
		89FF0D03C13C47838D9F3C56 /* Rubik-Bold.ttf in Resources */ = {isa = PBXBuildFile; fileRef = F2486BA9E6E04755BC9725A8 /* Rubik-Bold.ttf */; };
		8F8155485A524ADDB86CCA94 /* Rubik-Black.ttf in Resources */ = {isa = PBXBuildFile; fileRef = 3E136EB3EB8C487585F64750 /* Rubik-Black.ttf */; };
		AF9465DC85E5428E9A3CC47C /* Rubik-MediumItalic.ttf in Resources */ = {isa = PBXBuildFile; fileRef = 3EF1127D65D845E1949BC932 /* Rubik-MediumItalic.ttf */; };
		CB90E192B87C49D4AE265504 /* Rubik-Italic.ttf in Resources */ = {isa = PBXBuildFile; fileRef = 3A00F95855D1496E985A0261 /* Rubik-Italic.ttf */; };
		E5E67C556E604B13B7E916C1 /* Rubik-SemiBold.ttf in Resources */ = {isa = PBXBuildFile; fileRef = 9E9AC4023BCA4E439737339D /* Rubik-SemiBold.ttf */; };
		F9FCAC2309F743D48928640C /* Rubik-Regular.ttf in Resources */ = {isa = PBXBuildFile; fileRef = 396CB58C786F4867B7A9ACFE /* Rubik-Regular.ttf */; };
/* End PBXBuildFile section */

/* Begin PBXContainerItemProxy section */
		77DA14322A61EFF9006631CB /* PBXContainerItemProxy */ = {
			isa = PBXContainerItemProxy;
			containerPortal = 83CBB9F71A601CBA00E9B192 /* Project object */;
			proxyType = 1;
			remoteGlobalIDString = 77DA142C2A61EFF9006631CB;
			remoteInfo = OneSignalNotificationServiceExtension;
		};
/* End PBXContainerItemProxy section */

/* Begin PBXCopyFilesBuildPhase section */
		77DA14382A61EFF9006631CB /* Embed Foundation Extensions */ = {
			isa = PBXCopyFilesBuildPhase;
			buildActionMask = 2147483647;
			dstPath = "";
			dstSubfolderSpec = 13;
			files = (
				77DA14342A61EFF9006631CB /* OneSignalNotificationServiceExtension.appex in Embed Foundation Extensions */,
			);
			name = "Embed Foundation Extensions";
			runOnlyForDeploymentPostprocessing = 0;
		};
/* End PBXCopyFilesBuildPhase section */

/* Begin PBXFileReference section */
		00E356F11AD99517003FC87E /* Info.plist */ = {isa = PBXFileReference; lastKnownFileType = text.plist.xml; path = Info.plist; sourceTree = "<group>"; };
		00E356F21AD99517003FC87E /* qpTests.m */ = {isa = PBXFileReference; lastKnownFileType = sourcecode.c.objc; path = qpTests.m; sourceTree = "<group>"; };
		13B07F961A680F5B00A75B9A /* qp.app */ = {isa = PBXFileReference; explicitFileType = wrapper.application; includeInIndex = 0; path = qp.app; sourceTree = BUILT_PRODUCTS_DIR; };
		13B07FAF1A68108700A75B9A /* AppDelegate.h */ = {isa = PBXFileReference; fileEncoding = 4; lastKnownFileType = sourcecode.c.h; name = AppDelegate.h; path = qp/AppDelegate.h; sourceTree = "<group>"; };
		13B07FB01A68108700A75B9A /* AppDelegate.mm */ = {isa = PBXFileReference; fileEncoding = 4; lastKnownFileType = sourcecode.cpp.objcpp; name = AppDelegate.mm; path = qp/AppDelegate.mm; sourceTree = "<group>"; };
		13B07FB51A68108700A75B9A /* Images.xcassets */ = {isa = PBXFileReference; lastKnownFileType = folder.assetcatalog; name = Images.xcassets; path = qp/Images.xcassets; sourceTree = "<group>"; };
		13B07FB61A68108700A75B9A /* Info.plist */ = {isa = PBXFileReference; fileEncoding = 4; lastKnownFileType = text.plist.xml; name = Info.plist; path = qp/Info.plist; sourceTree = "<group>"; };
		13B07FB71A68108700A75B9A /* main.m */ = {isa = PBXFileReference; fileEncoding = 4; lastKnownFileType = sourcecode.c.objc; name = main.m; path = qp/main.m; sourceTree = "<group>"; };
		1589256E3BB171275FD3EEBE /* Pods-OneSignalNotificationServiceExtension.release.xcconfig */ = {isa = PBXFileReference; includeInIndex = 1; lastKnownFileType = text.xcconfig; name = "Pods-OneSignalNotificationServiceExtension.release.xcconfig"; path = "Target Support Files/Pods-OneSignalNotificationServiceExtension/Pods-OneSignalNotificationServiceExtension.release.xcconfig"; sourceTree = "<group>"; };
		1FEBB02865B34A48A3193098 /* Rubik-Medium.ttf */ = {isa = PBXFileReference; explicitFileType = undefined; fileEncoding = 9; includeInIndex = 0; lastKnownFileType = unknown; name = "Rubik-Medium.ttf"; path = "../assets/fonts/Rubik-Medium.ttf"; sourceTree = "<group>"; };
		2A3399E4E8294DB582FFD3D9 /* Rubik-BlackItalic.ttf */ = {isa = PBXFileReference; explicitFileType = undefined; fileEncoding = 9; includeInIndex = 0; lastKnownFileType = unknown; name = "Rubik-BlackItalic.ttf"; path = "../assets/fonts/Rubik-BlackItalic.ttf"; sourceTree = "<group>"; };
		3246E67C82C149CBABB63608 /* Rubik-LightItalic.ttf */ = {isa = PBXFileReference; explicitFileType = undefined; fileEncoding = 9; includeInIndex = 0; lastKnownFileType = unknown; name = "Rubik-LightItalic.ttf"; path = "../assets/fonts/Rubik-LightItalic.ttf"; sourceTree = "<group>"; };
		396CB58C786F4867B7A9ACFE /* Rubik-Regular.ttf */ = {isa = PBXFileReference; explicitFileType = undefined; fileEncoding = 9; includeInIndex = 0; lastKnownFileType = unknown; name = "Rubik-Regular.ttf"; path = "../assets/fonts/Rubik-Regular.ttf"; sourceTree = "<group>"; };
		3A00F95855D1496E985A0261 /* Rubik-Italic.ttf */ = {isa = PBXFileReference; explicitFileType = undefined; fileEncoding = 9; includeInIndex = 0; lastKnownFileType = unknown; name = "Rubik-Italic.ttf"; path = "../assets/fonts/Rubik-Italic.ttf"; sourceTree = "<group>"; };
		3E136EB3EB8C487585F64750 /* Rubik-Black.ttf */ = {isa = PBXFileReference; explicitFileType = undefined; fileEncoding = 9; includeInIndex = 0; lastKnownFileType = unknown; name = "Rubik-Black.ttf"; path = "../assets/fonts/Rubik-Black.ttf"; sourceTree = "<group>"; };
		3EF1127D65D845E1949BC932 /* Rubik-MediumItalic.ttf */ = {isa = PBXFileReference; explicitFileType = undefined; fileEncoding = 9; includeInIndex = 0; lastKnownFileType = unknown; name = "Rubik-MediumItalic.ttf"; path = "../assets/fonts/Rubik-MediumItalic.ttf"; sourceTree = "<group>"; };
		5C915894A34E0777E44FFDD0 /* Pods-qp.release.xcconfig */ = {isa = PBXFileReference; includeInIndex = 1; lastKnownFileType = text.xcconfig; name = "Pods-qp.release.xcconfig"; path = "Target Support Files/Pods-qp/Pods-qp.release.xcconfig"; sourceTree = "<group>"; };
		6A36DFABE8868FE47184C326 /* Pods-qp.debug.xcconfig */ = {isa = PBXFileReference; includeInIndex = 1; lastKnownFileType = text.xcconfig; name = "Pods-qp.debug.xcconfig"; path = "Target Support Files/Pods-qp/Pods-qp.debug.xcconfig"; sourceTree = "<group>"; };
		73FD3808B3BA47ABAF5D5844 /* Rubik-BoldItalic.ttf */ = {isa = PBXFileReference; explicitFileType = undefined; fileEncoding = 9; includeInIndex = 0; lastKnownFileType = unknown; name = "Rubik-BoldItalic.ttf"; path = "../assets/fonts/Rubik-BoldItalic.ttf"; sourceTree = "<group>"; };
		777D5B1229E5D5D1006BFBDC /* Nunito-Black.ttf */ = {isa = PBXFileReference; lastKnownFileType = file; path = "Nunito-Black.ttf"; sourceTree = "<group>"; };
		777D5B1329E5D5D1006BFBDC /* Nunito-Light.ttf */ = {isa = PBXFileReference; lastKnownFileType = file; path = "Nunito-Light.ttf"; sourceTree = "<group>"; };
		777D5B1429E5D5D1006BFBDC /* FontAwesome5_Brands.ttf */ = {isa = PBXFileReference; lastKnownFileType = file; path = FontAwesome5_Brands.ttf; sourceTree = "<group>"; };
		777D5B1529E5D5D2006BFBDC /* Nunito-Medium.ttf */ = {isa = PBXFileReference; lastKnownFileType = file; path = "Nunito-Medium.ttf"; sourceTree = "<group>"; };
		777D5B1629E5D5D2006BFBDC /* FontAwesome5_Solid.ttf */ = {isa = PBXFileReference; lastKnownFileType = file; path = FontAwesome5_Solid.ttf; sourceTree = "<group>"; };
		777D5B1729E5D5D2006BFBDC /* Nunito-Regular.ttf */ = {isa = PBXFileReference; lastKnownFileType = file; path = "Nunito-Regular.ttf"; sourceTree = "<group>"; };
		777D5B1829E5D5D2006BFBDC /* FontAwesome.ttf */ = {isa = PBXFileReference; lastKnownFileType = file; path = FontAwesome.ttf; sourceTree = "<group>"; };
		777D5B1929E5D5D2006BFBDC /* Nunito-Bold.ttf */ = {isa = PBXFileReference; lastKnownFileType = file; path = "Nunito-Bold.ttf"; sourceTree = "<group>"; };
		777D5B1A29E5D5D2006BFBDC /* FontAwesome5_Regular.ttf */ = {isa = PBXFileReference; lastKnownFileType = file; path = FontAwesome5_Regular.ttf; sourceTree = "<group>"; };
		77DA14282A61D2D1006631CB /* qp.entitlements */ = {isa = PBXFileReference; lastKnownFileType = text.plist.entitlements; name = qp.entitlements; path = qp/qp.entitlements; sourceTree = "<group>"; };
		77DA142D2A61EFF9006631CB /* OneSignalNotificationServiceExtension.appex */ = {isa = PBXFileReference; explicitFileType = "wrapper.app-extension"; includeInIndex = 0; path = OneSignalNotificationServiceExtension.appex; sourceTree = BUILT_PRODUCTS_DIR; };
		77DA142F2A61EFF9006631CB /* NotificationService.swift */ = {isa = PBXFileReference; lastKnownFileType = sourcecode.swift; path = NotificationService.swift; sourceTree = "<group>"; };
		77DA14312A61EFF9006631CB /* Info.plist */ = {isa = PBXFileReference; lastKnownFileType = text.plist.xml; path = Info.plist; sourceTree = "<group>"; };
		77DA14392A61F3D4006631CB /* OneSignalNotificationServiceExtension.entitlements */ = {isa = PBXFileReference; lastKnownFileType = text.plist.entitlements; path = OneSignalNotificationServiceExtension.entitlements; sourceTree = "<group>"; };
		81AB9BB72411601600AC10FF /* LaunchScreen.storyboard */ = {isa = PBXFileReference; fileEncoding = 4; lastKnownFileType = file.storyboard; name = LaunchScreen.storyboard; path = qp/LaunchScreen.storyboard; sourceTree = "<group>"; };
		862812373F2F4F9AA9AF047E /* Rubik-ExtraBoldItalic.ttf */ = {isa = PBXFileReference; explicitFileType = undefined; fileEncoding = 9; includeInIndex = 0; lastKnownFileType = unknown; name = "Rubik-ExtraBoldItalic.ttf"; path = "../assets/fonts/Rubik-ExtraBoldItalic.ttf"; sourceTree = "<group>"; };
		9731C7E04A2CDC35D9BF8CD7 /* libPods-OneSignalNotificationServiceExtension.a */ = {isa = PBXFileReference; explicitFileType = archive.ar; includeInIndex = 0; path = "libPods-OneSignalNotificationServiceExtension.a"; sourceTree = BUILT_PRODUCTS_DIR; };
		9E9AC4023BCA4E439737339D /* Rubik-SemiBold.ttf */ = {isa = PBXFileReference; explicitFileType = undefined; fileEncoding = 9; includeInIndex = 0; lastKnownFileType = unknown; name = "Rubik-SemiBold.ttf"; path = "../assets/fonts/Rubik-SemiBold.ttf"; sourceTree = "<group>"; };
		A45E3CF59437C9C0E4EA1971 /* libPods-qp.a */ = {isa = PBXFileReference; explicitFileType = archive.ar; includeInIndex = 0; path = "libPods-qp.a"; sourceTree = BUILT_PRODUCTS_DIR; };
		B3EFB6C29C8D47F5B0432450 /* Rubik-Light.ttf */ = {isa = PBXFileReference; explicitFileType = undefined; fileEncoding = 9; includeInIndex = 0; lastKnownFileType = unknown; name = "Rubik-Light.ttf"; path = "../assets/fonts/Rubik-Light.ttf"; sourceTree = "<group>"; };
		B438CBA055054A6CA65BB8E5 /* Rubik-SemiBoldItalic.ttf */ = {isa = PBXFileReference; explicitFileType = undefined; fileEncoding = 9; includeInIndex = 0; lastKnownFileType = unknown; name = "Rubik-SemiBoldItalic.ttf"; path = "../assets/fonts/Rubik-SemiBoldItalic.ttf"; sourceTree = "<group>"; };
		D4A0E9C896584504898515FF /* Rubik-ExtraBold.ttf */ = {isa = PBXFileReference; explicitFileType = undefined; fileEncoding = 9; includeInIndex = 0; lastKnownFileType = unknown; name = "Rubik-ExtraBold.ttf"; path = "../assets/fonts/Rubik-ExtraBold.ttf"; sourceTree = "<group>"; };
		E0BAA349F2FD93C8A5E75A4D /* Pods-OneSignalNotificationServiceExtension.debug.xcconfig */ = {isa = PBXFileReference; includeInIndex = 1; lastKnownFileType = text.xcconfig; name = "Pods-OneSignalNotificationServiceExtension.debug.xcconfig"; path = "Target Support Files/Pods-OneSignalNotificationServiceExtension/Pods-OneSignalNotificationServiceExtension.debug.xcconfig"; sourceTree = "<group>"; };
		ED297162215061F000B7C4FE /* JavaScriptCore.framework */ = {isa = PBXFileReference; lastKnownFileType = wrapper.framework; name = JavaScriptCore.framework; path = System/Library/Frameworks/JavaScriptCore.framework; sourceTree = SDKROOT; };
		F2486BA9E6E04755BC9725A8 /* Rubik-Bold.ttf */ = {isa = PBXFileReference; explicitFileType = undefined; fileEncoding = 9; includeInIndex = 0; lastKnownFileType = unknown; name = "Rubik-Bold.ttf"; path = "../assets/fonts/Rubik-Bold.ttf"; sourceTree = "<group>"; };
/* End PBXFileReference section */

/* Begin PBXFrameworksBuildPhase section */
		13B07F8C1A680F5B00A75B9A /* Frameworks */ = {
			isa = PBXFrameworksBuildPhase;
			buildActionMask = 2147483647;
			files = (
				805B9F6130366527C26E9AE1 /* libPods-qp.a in Frameworks */,
			);
			runOnlyForDeploymentPostprocessing = 0;
		};
		77DA142A2A61EFF9006631CB /* Frameworks */ = {
			isa = PBXFrameworksBuildPhase;
			buildActionMask = 2147483647;
			files = (
				3262B60392BD60F1D27189D4 /* libPods-OneSignalNotificationServiceExtension.a in Frameworks */,
			);
			runOnlyForDeploymentPostprocessing = 0;
		};
/* End PBXFrameworksBuildPhase section */

/* Begin PBXGroup section */
		00E356EF1AD99517003FC87E /* qpTests */ = {
			isa = PBXGroup;
			children = (
				00E356F21AD99517003FC87E /* qpTests.m */,
				00E356F01AD99517003FC87E /* Supporting Files */,
			);
			path = qpTests;
			sourceTree = "<group>";
		};
		00E356F01AD99517003FC87E /* Supporting Files */ = {
			isa = PBXGroup;
			children = (
				00E356F11AD99517003FC87E /* Info.plist */,
			);
			name = "Supporting Files";
			sourceTree = "<group>";
		};
		13B07FAE1A68108700A75B9A /* qp */ = {
			isa = PBXGroup;
			children = (
				77DA14282A61D2D1006631CB /* qp.entitlements */,
				777D5B1129E5D5BD006BFBDC /* Fonts */,
				13B07FAF1A68108700A75B9A /* AppDelegate.h */,
				13B07FB01A68108700A75B9A /* AppDelegate.mm */,
				13B07FB51A68108700A75B9A /* Images.xcassets */,
				13B07FB61A68108700A75B9A /* Info.plist */,
				81AB9BB72411601600AC10FF /* LaunchScreen.storyboard */,
				13B07FB71A68108700A75B9A /* main.m */,
			);
			name = qp;
			sourceTree = "<group>";
		};
		2D16E6871FA4F8E400B85C8A /* Frameworks */ = {
			isa = PBXGroup;
			children = (
				ED297162215061F000B7C4FE /* JavaScriptCore.framework */,
				9731C7E04A2CDC35D9BF8CD7 /* libPods-OneSignalNotificationServiceExtension.a */,
				A45E3CF59437C9C0E4EA1971 /* libPods-qp.a */,
			);
			name = Frameworks;
			sourceTree = "<group>";
		};
		777D5B1129E5D5BD006BFBDC /* Fonts */ = {
			isa = PBXGroup;
			children = (
				777D5B1829E5D5D2006BFBDC /* FontAwesome.ttf */,
				777D5B1429E5D5D1006BFBDC /* FontAwesome5_Brands.ttf */,
				777D5B1A29E5D5D2006BFBDC /* FontAwesome5_Regular.ttf */,
				777D5B1629E5D5D2006BFBDC /* FontAwesome5_Solid.ttf */,
				777D5B1229E5D5D1006BFBDC /* Nunito-Black.ttf */,
				777D5B1929E5D5D2006BFBDC /* Nunito-Bold.ttf */,
				777D5B1329E5D5D1006BFBDC /* Nunito-Light.ttf */,
				777D5B1529E5D5D2006BFBDC /* Nunito-Medium.ttf */,
				777D5B1729E5D5D2006BFBDC /* Nunito-Regular.ttf */,
			);
			path = Fonts;
			sourceTree = "<group>";
		};
		77DA142E2A61EFF9006631CB /* OneSignalNotificationServiceExtension */ = {
			isa = PBXGroup;
			children = (
				77DA14392A61F3D4006631CB /* OneSignalNotificationServiceExtension.entitlements */,
				77DA142F2A61EFF9006631CB /* NotificationService.swift */,
				77DA14312A61EFF9006631CB /* Info.plist */,
			);
			path = OneSignalNotificationServiceExtension;
			sourceTree = "<group>";
		};
		7AA48C1C0F5A43D2B37AE21B /* Resources */ = {
			isa = PBXGroup;
			children = (
				3E136EB3EB8C487585F64750 /* Rubik-Black.ttf */,
				2A3399E4E8294DB582FFD3D9 /* Rubik-BlackItalic.ttf */,
				F2486BA9E6E04755BC9725A8 /* Rubik-Bold.ttf */,
				73FD3808B3BA47ABAF5D5844 /* Rubik-BoldItalic.ttf */,
				D4A0E9C896584504898515FF /* Rubik-ExtraBold.ttf */,
				862812373F2F4F9AA9AF047E /* Rubik-ExtraBoldItalic.ttf */,
				3A00F95855D1496E985A0261 /* Rubik-Italic.ttf */,
				B3EFB6C29C8D47F5B0432450 /* Rubik-Light.ttf */,
				3246E67C82C149CBABB63608 /* Rubik-LightItalic.ttf */,
				1FEBB02865B34A48A3193098 /* Rubik-Medium.ttf */,
				3EF1127D65D845E1949BC932 /* Rubik-MediumItalic.ttf */,
				396CB58C786F4867B7A9ACFE /* Rubik-Regular.ttf */,
				9E9AC4023BCA4E439737339D /* Rubik-SemiBold.ttf */,
				B438CBA055054A6CA65BB8E5 /* Rubik-SemiBoldItalic.ttf */,
			);
			name = Resources;
			sourceTree = "<group>";
		};
		832341AE1AAA6A7D00B99B32 /* Libraries */ = {
			isa = PBXGroup;
			children = (
			);
			name = Libraries;
			sourceTree = "<group>";
		};
		83CBB9F61A601CBA00E9B192 = {
			isa = PBXGroup;
			children = (
				13B07FAE1A68108700A75B9A /* qp */,
				832341AE1AAA6A7D00B99B32 /* Libraries */,
				00E356EF1AD99517003FC87E /* qpTests */,
				77DA142E2A61EFF9006631CB /* OneSignalNotificationServiceExtension */,
				83CBBA001A601CBA00E9B192 /* Products */,
				2D16E6871FA4F8E400B85C8A /* Frameworks */,
				BBD78D7AC51CEA395F1C20DB /* Pods */,
				7AA48C1C0F5A43D2B37AE21B /* Resources */,
			);
			indentWidth = 2;
			sourceTree = "<group>";
			tabWidth = 2;
			usesTabs = 0;
		};
		83CBBA001A601CBA00E9B192 /* Products */ = {
			isa = PBXGroup;
			children = (
				13B07F961A680F5B00A75B9A /* qp.app */,
				77DA142D2A61EFF9006631CB /* OneSignalNotificationServiceExtension.appex */,
			);
			name = Products;
			sourceTree = "<group>";
		};
		BBD78D7AC51CEA395F1C20DB /* Pods */ = {
			isa = PBXGroup;
			children = (
				E0BAA349F2FD93C8A5E75A4D /* Pods-OneSignalNotificationServiceExtension.debug.xcconfig */,
				1589256E3BB171275FD3EEBE /* Pods-OneSignalNotificationServiceExtension.release.xcconfig */,
				6A36DFABE8868FE47184C326 /* Pods-qp.debug.xcconfig */,
				5C915894A34E0777E44FFDD0 /* Pods-qp.release.xcconfig */,
			);
			path = Pods;
			sourceTree = "<group>";
		};
/* End PBXGroup section */

/* Begin PBXNativeTarget section */
		13B07F861A680F5B00A75B9A /* qp */ = {
			isa = PBXNativeTarget;
			buildConfigurationList = 13B07F931A680F5B00A75B9A /* Build configuration list for PBXNativeTarget "qp" */;
			buildPhases = (
				FF69563C451190E25E2BC774 /* [CP] Check Pods Manifest.lock */,
				FD10A7F022414F080027D42C /* Start Packager */,
				13B07F871A680F5B00A75B9A /* Sources */,
				13B07F8C1A680F5B00A75B9A /* Frameworks */,
				13B07F8E1A680F5B00A75B9A /* Resources */,
				00DD1BFF1BD5951E006B06BC /* Bundle React Native code and images */,
				514A2ED4B1A843CDBD8A5826 /* Upload Debug Symbols to Sentry */,
				77DA14382A61EFF9006631CB /* Embed Foundation Extensions */,
				8103D2D5FF13D1ADC09DE0C3 /* [CP] Embed Pods Frameworks */,
				942D918342B4C30AA8704964 /* [CP] Copy Pods Resources */,
			);
			buildRules = (
			);
			dependencies = (
				77DA14332A61EFF9006631CB /* PBXTargetDependency */,
			);
			name = qp;
			productName = qp;
			productReference = 13B07F961A680F5B00A75B9A /* qp.app */;
			productType = "com.apple.product-type.application";
		};
		77DA142C2A61EFF9006631CB /* OneSignalNotificationServiceExtension */ = {
			isa = PBXNativeTarget;
			buildConfigurationList = 77DA14352A61EFF9006631CB /* Build configuration list for PBXNativeTarget "OneSignalNotificationServiceExtension" */;
			buildPhases = (
				88F4DB095DE869D7E1AACB21 /* [CP] Check Pods Manifest.lock */,
				77DA14292A61EFF9006631CB /* Sources */,
				77DA142A2A61EFF9006631CB /* Frameworks */,
				77DA142B2A61EFF9006631CB /* Resources */,
			);
			buildRules = (
			);
			dependencies = (
			);
			name = OneSignalNotificationServiceExtension;
			productName = OneSignalNotificationServiceExtension;
			productReference = 77DA142D2A61EFF9006631CB /* OneSignalNotificationServiceExtension.appex */;
			productType = "com.apple.product-type.app-extension";
		};
/* End PBXNativeTarget section */

/* Begin PBXProject section */
		83CBB9F71A601CBA00E9B192 /* Project object */ = {
			isa = PBXProject;
			attributes = {
				BuildIndependentTargetsInParallel = YES;
				LastSwiftUpdateCheck = 1430;
				LastUpgradeCheck = 1430;
				TargetAttributes = {
					13B07F861A680F5B00A75B9A = {
						LastSwiftMigration = 1120;
					};
					77DA142C2A61EFF9006631CB = {
						CreatedOnToolsVersion = 14.3.1;
					};
				};
			};
			buildConfigurationList = 83CBB9FA1A601CBA00E9B192 /* Build configuration list for PBXProject "qp" */;
			compatibilityVersion = "Xcode 12.0";
			developmentRegion = en;
			hasScannedForEncodings = 0;
			knownRegions = (
				en,
				Base,
			);
			mainGroup = 83CBB9F61A601CBA00E9B192;
			productRefGroup = 83CBBA001A601CBA00E9B192 /* Products */;
			projectDirPath = "";
			projectRoot = "";
			targets = (
				13B07F861A680F5B00A75B9A /* qp */,
				77DA142C2A61EFF9006631CB /* OneSignalNotificationServiceExtension */,
			);
		};
/* End PBXProject section */

/* Begin PBXResourcesBuildPhase section */
		13B07F8E1A680F5B00A75B9A /* Resources */ = {
			isa = PBXResourcesBuildPhase;
			buildActionMask = 2147483647;
			files = (
				777D5B2529E5D663006BFBDC /* Nunito-Medium.ttf in Resources */,
				777D5B2829E5D669006BFBDC /* Nunito-Black.ttf in Resources */,
				777D5B2629E5D665006BFBDC /* Nunito-Light.ttf in Resources */,
				777D5B2429E5D661006BFBDC /* Nunito-Regular.ttf in Resources */,
				81AB9BB82411601600AC10FF /* LaunchScreen.storyboard in Resources */,
				777D5B2729E5D667006BFBDC /* Nunito-Bold.ttf in Resources */,
				13B07FBF1A68108700A75B9A /* Images.xcassets in Resources */,
				8F8155485A524ADDB86CCA94 /* Rubik-Black.ttf in Resources */,
				0CBD9649C35A451BBAE8EB44 /* Rubik-BlackItalic.ttf in Resources */,
				89FF0D03C13C47838D9F3C56 /* Rubik-Bold.ttf in Resources */,
				2081A9F097CB4D278C397F06 /* Rubik-BoldItalic.ttf in Resources */,
				4F2A323778AC45E4A458F46F /* Rubik-ExtraBold.ttf in Resources */,
				5F9388886ADF4A68B6CDE738 /* Rubik-ExtraBoldItalic.ttf in Resources */,
				CB90E192B87C49D4AE265504 /* Rubik-Italic.ttf in Resources */,
				5A5D5E5985C448D3A6549C38 /* Rubik-Light.ttf in Resources */,
				85BFC382194A4343A18616FC /* Rubik-LightItalic.ttf in Resources */,
				1A7BF4E146604284B7165487 /* Rubik-Medium.ttf in Resources */,
				AF9465DC85E5428E9A3CC47C /* Rubik-MediumItalic.ttf in Resources */,
				F9FCAC2309F743D48928640C /* Rubik-Regular.ttf in Resources */,
				E5E67C556E604B13B7E916C1 /* Rubik-SemiBold.ttf in Resources */,
				42E9AD59C82B4C4393156B90 /* Rubik-SemiBoldItalic.ttf in Resources */,
			);
			runOnlyForDeploymentPostprocessing = 0;
		};
		77DA142B2A61EFF9006631CB /* Resources */ = {
			isa = PBXResourcesBuildPhase;
			buildActionMask = 2147483647;
			files = (
			);
			runOnlyForDeploymentPostprocessing = 0;
		};
/* End PBXResourcesBuildPhase section */

/* Begin PBXShellScriptBuildPhase section */
		00DD1BFF1BD5951E006B06BC /* Bundle React Native code and images */ = {
			isa = PBXShellScriptBuildPhase;
			buildActionMask = 2147483647;
			files = (
			);
			inputPaths = (
				"$(SRCROOT)/.xcode.env.local",
				"$(SRCROOT)/.xcode.env",
			);
			name = "Bundle React Native code and images";
			outputPaths = (
			);
			runOnlyForDeploymentPostprocessing = 0;
			shellPath = /bin/sh;
			shellScript = "export SENTRY_PROPERTIES=sentry.properties\nexport EXTRA_PACKAGER_ARGS=\"--sourcemap-output $DERIVED_FILE_DIR/main.jsbundle.map\"\nset -e\n\nWITH_ENVIRONMENT=\"../node_modules/react-native/scripts/xcode/with-environment.sh\"\nREACT_NATIVE_XCODE=\"../node_modules/react-native/scripts/react-native-xcode.sh\"\n\n/bin/sh -c \"$WITH_ENVIRONMENT \\\"../node_modules/@sentry/cli/bin/sentry-cli react-native xcode $REACT_NATIVE_XCODE\\\"\"\n\n/bin/sh ../node_modules/@sentry/react-native/scripts/collect-modules.sh\n";
		};
		514A2ED4B1A843CDBD8A5826 /* Upload Debug Symbols to Sentry */ = {
			isa = PBXShellScriptBuildPhase;
			buildActionMask = 2147483647;
			files = (
			);
			inputPaths = (
			);
			name = "Upload Debug Symbols to Sentry";
			outputPaths = (
			);
			runOnlyForDeploymentPostprocessing = 0;
			shellPath = /bin/sh;
			shellScript = "\nexport SENTRY_PROPERTIES=sentry.properties\n[[ $SENTRY_INCLUDE_NATIVE_SOURCES == \"true\" ]] && INCLUDE_SOURCES_FLAG=\"--include-sources\" || INCLUDE_SOURCES_FLAG=\"\"\n../node_modules/@sentry/cli/bin/sentry-cli debug-files upload \"$INCLUDE_SOURCES_FLAG\" \"$DWARF_DSYM_FOLDER_PATH\"\n";
		};
		8103D2D5FF13D1ADC09DE0C3 /* [CP] Embed Pods Frameworks */ = {
			isa = PBXShellScriptBuildPhase;
			buildActionMask = 2147483647;
			files = (
			);
			inputFileListPaths = (
				"${PODS_ROOT}/Target Support Files/Pods-qp/Pods-qp-frameworks-${CONFIGURATION}-input-files.xcfilelist",
			);
			name = "[CP] Embed Pods Frameworks";
			outputFileListPaths = (
				"${PODS_ROOT}/Target Support Files/Pods-qp/Pods-qp-frameworks-${CONFIGURATION}-output-files.xcfilelist",
			);
			runOnlyForDeploymentPostprocessing = 0;
			shellPath = /bin/sh;
			shellScript = "\"${PODS_ROOT}/Target Support Files/Pods-qp/Pods-qp-frameworks.sh\"\n";
			showEnvVarsInLog = 0;
		};
		88F4DB095DE869D7E1AACB21 /* [CP] Check Pods Manifest.lock */ = {
			isa = PBXShellScriptBuildPhase;
			buildActionMask = 2147483647;
			files = (
			);
			inputFileListPaths = (
			);
			inputPaths = (
				"${PODS_PODFILE_DIR_PATH}/Podfile.lock",
				"${PODS_ROOT}/Manifest.lock",
			);
			name = "[CP] Check Pods Manifest.lock";
			outputFileListPaths = (
			);
			outputPaths = (
				"$(DERIVED_FILE_DIR)/Pods-OneSignalNotificationServiceExtension-checkManifestLockResult.txt",
			);
			runOnlyForDeploymentPostprocessing = 0;
			shellPath = /bin/sh;
			shellScript = "diff \"${PODS_PODFILE_DIR_PATH}/Podfile.lock\" \"${PODS_ROOT}/Manifest.lock\" > /dev/null\nif [ $? != 0 ] ; then\n    # print error to STDERR\n    echo \"error: The sandbox is not in sync with the Podfile.lock. Run 'pod install' or update your CocoaPods installation.\" >&2\n    exit 1\nfi\n# This output is used by Xcode 'outputs' to avoid re-running this script phase.\necho \"SUCCESS\" > \"${SCRIPT_OUTPUT_FILE_0}\"\n";
			showEnvVarsInLog = 0;
		};
		942D918342B4C30AA8704964 /* [CP] Copy Pods Resources */ = {
			isa = PBXShellScriptBuildPhase;
			buildActionMask = 2147483647;
			files = (
			);
			inputFileListPaths = (
				"${PODS_ROOT}/Target Support Files/Pods-qp/Pods-qp-resources-${CONFIGURATION}-input-files.xcfilelist",
			);
			name = "[CP] Copy Pods Resources";
			outputFileListPaths = (
				"${PODS_ROOT}/Target Support Files/Pods-qp/Pods-qp-resources-${CONFIGURATION}-output-files.xcfilelist",
			);
			runOnlyForDeploymentPostprocessing = 0;
			shellPath = /bin/sh;
			shellScript = "\"${PODS_ROOT}/Target Support Files/Pods-qp/Pods-qp-resources.sh\"\n";
			showEnvVarsInLog = 0;
		};
		FD10A7F022414F080027D42C /* Start Packager */ = {
			isa = PBXShellScriptBuildPhase;
			buildActionMask = 2147483647;
			files = (
			);
			inputFileListPaths = (
			);
			inputPaths = (
			);
			name = "Start Packager";
			outputFileListPaths = (
			);
			outputPaths = (
			);
			runOnlyForDeploymentPostprocessing = 0;
			shellPath = /bin/sh;
			shellScript = "export RCT_METRO_PORT=\"${RCT_METRO_PORT:=8081}\"\necho \"export RCT_METRO_PORT=${RCT_METRO_PORT}\" > \"${SRCROOT}/../node_modules/react-native/scripts/.packager.env\"\nif [ -z \"${RCT_NO_LAUNCH_PACKAGER+xxx}\" ] ; then\n  if nc -w 5 -z localhost ${RCT_METRO_PORT} ; then\n    if ! curl -s \"http://localhost:${RCT_METRO_PORT}/status\" | grep -q \"packager-status:running\" ; then\n      echo \"Port ${RCT_METRO_PORT} already in use, packager is either not running or not running correctly\"\n      exit 2\n    fi\n  else\n    open \"$SRCROOT/../node_modules/react-native/scripts/launchPackager.command\" || echo \"Can't start packager automatically\"\n  fi\nfi\n";
			showEnvVarsInLog = 0;
		};
		FF69563C451190E25E2BC774 /* [CP] Check Pods Manifest.lock */ = {
			isa = PBXShellScriptBuildPhase;
			buildActionMask = 2147483647;
			files = (
			);
			inputFileListPaths = (
			);
			inputPaths = (
				"${PODS_PODFILE_DIR_PATH}/Podfile.lock",
				"${PODS_ROOT}/Manifest.lock",
			);
			name = "[CP] Check Pods Manifest.lock";
			outputFileListPaths = (
			);
			outputPaths = (
				"$(DERIVED_FILE_DIR)/Pods-qp-checkManifestLockResult.txt",
			);
			runOnlyForDeploymentPostprocessing = 0;
			shellPath = /bin/sh;
			shellScript = "diff \"${PODS_PODFILE_DIR_PATH}/Podfile.lock\" \"${PODS_ROOT}/Manifest.lock\" > /dev/null\nif [ $? != 0 ] ; then\n    # print error to STDERR\n    echo \"error: The sandbox is not in sync with the Podfile.lock. Run 'pod install' or update your CocoaPods installation.\" >&2\n    exit 1\nfi\n# This output is used by Xcode 'outputs' to avoid re-running this script phase.\necho \"SUCCESS\" > \"${SCRIPT_OUTPUT_FILE_0}\"\n";
			showEnvVarsInLog = 0;
		};
/* End PBXShellScriptBuildPhase section */

/* Begin PBXSourcesBuildPhase section */
		13B07F871A680F5B00A75B9A /* Sources */ = {
			isa = PBXSourcesBuildPhase;
			buildActionMask = 2147483647;
			files = (
				13B07FBC1A68108700A75B9A /* AppDelegate.mm in Sources */,
				13B07FC11A68108700A75B9A /* main.m in Sources */,
			);
			runOnlyForDeploymentPostprocessing = 0;
		};
		77DA14292A61EFF9006631CB /* Sources */ = {
			isa = PBXSourcesBuildPhase;
			buildActionMask = 2147483647;
			files = (
				77DA14302A61EFF9006631CB /* NotificationService.swift in Sources */,
			);
			runOnlyForDeploymentPostprocessing = 0;
		};
/* End PBXSourcesBuildPhase section */

/* Begin PBXTargetDependency section */
		77DA14332A61EFF9006631CB /* PBXTargetDependency */ = {
			isa = PBXTargetDependency;
			target = 77DA142C2A61EFF9006631CB /* OneSignalNotificationServiceExtension */;
			targetProxy = 77DA14322A61EFF9006631CB /* PBXContainerItemProxy */;
		};
/* End PBXTargetDependency section */

/* Begin XCBuildConfiguration section */
		13B07F941A680F5B00A75B9A /* Debug */ = {
			isa = XCBuildConfiguration;
			baseConfigurationReference = 6A36DFABE8868FE47184C326 /* Pods-qp.debug.xcconfig */;
			buildSettings = {
				ALWAYS_EMBED_SWIFT_STANDARD_LIBRARIES = YES;
				ASSETCATALOG_COMPILER_APPICON_NAME = AppIcon;
				CLANG_ENABLE_MODULES = YES;
				CODE_SIGN_ENTITLEMENTS = qp/qp.entitlements;
				CURRENT_PROJECT_VERSION = 201;
				DEVELOPMENT_TEAM = Q3R873AWGZ;
				ENABLE_BITCODE = NO;
				INFOPLIST_FILE = qp/Info.plist;
				INFOPLIST_KEY_CFBundleDisplayName = QVAPAY;
				INFOPLIST_KEY_LSApplicationCategoryType = "public.app-category.finance";
				IPHONEOS_DEPLOYMENT_TARGET = 13.4;
				LD_RUNPATH_SEARCH_PATHS = (
					"$(inherited)",
					"@executable_path/Frameworks",
				);
				MARKETING_VERSION = 2.0.1;
				OTHER_LDFLAGS = (
					"$(inherited)",
					"-ObjC",
					"-lc++",
				);
				PRODUCT_BUNDLE_IDENTIFIER = com.qvapay.pay;
				PRODUCT_NAME = qp;
				SWIFT_OPTIMIZATION_LEVEL = "-Onone";
				SWIFT_VERSION = 5.0;
				VERSIONING_SYSTEM = "apple-generic";
			};
			name = Debug;
		};
		13B07F951A680F5B00A75B9A /* Release */ = {
			isa = XCBuildConfiguration;
			baseConfigurationReference = 5C915894A34E0777E44FFDD0 /* Pods-qp.release.xcconfig */;
			buildSettings = {
				ALWAYS_EMBED_SWIFT_STANDARD_LIBRARIES = YES;
				ASSETCATALOG_COMPILER_APPICON_NAME = AppIcon;
				CLANG_ENABLE_MODULES = YES;
				CODE_SIGN_ENTITLEMENTS = qp/qp.entitlements;
				CURRENT_PROJECT_VERSION = 201;
				DEVELOPMENT_TEAM = Q3R873AWGZ;
				INFOPLIST_FILE = qp/Info.plist;
				INFOPLIST_KEY_CFBundleDisplayName = QVAPAY;
				INFOPLIST_KEY_LSApplicationCategoryType = "public.app-category.finance";
				IPHONEOS_DEPLOYMENT_TARGET = 13.4;
				LD_RUNPATH_SEARCH_PATHS = (
					"$(inherited)",
					"@executable_path/Frameworks",
				);
				MARKETING_VERSION = 2.0.1;
				OTHER_LDFLAGS = (
					"$(inherited)",
					"-ObjC",
					"-lc++",
				);
				PRODUCT_BUNDLE_IDENTIFIER = com.qvapay.pay;
				PRODUCT_NAME = qp;
				SWIFT_VERSION = 5.0;
				VERSIONING_SYSTEM = "apple-generic";
			};
			name = Release;
		};
		77DA14362A61EFF9006631CB /* Debug */ = {
			isa = XCBuildConfiguration;
			baseConfigurationReference = E0BAA349F2FD93C8A5E75A4D /* Pods-OneSignalNotificationServiceExtension.debug.xcconfig */;
			buildSettings = {
				CLANG_ANALYZER_NONNULL = YES;
				CLANG_ANALYZER_NUMBER_OBJECT_CONVERSION = YES_AGGRESSIVE;
				CLANG_CXX_LANGUAGE_STANDARD = "gnu++20";
				CLANG_ENABLE_OBJC_WEAK = YES;
				CLANG_WARN_DOCUMENTATION_COMMENTS = YES;
				CLANG_WARN_UNGUARDED_AVAILABILITY = YES_AGGRESSIVE;
				CODE_SIGN_ENTITLEMENTS = OneSignalNotificationServiceExtension/OneSignalNotificationServiceExtension.entitlements;
				CODE_SIGN_STYLE = Automatic;
				CURRENT_PROJECT_VERSION = 1;
				DEBUG_INFORMATION_FORMAT = dwarf;
				DEVELOPMENT_TEAM = Q3R873AWGZ;
				GCC_C_LANGUAGE_STANDARD = gnu11;
				GENERATE_INFOPLIST_FILE = YES;
				INFOPLIST_FILE = OneSignalNotificationServiceExtension/Info.plist;
				INFOPLIST_KEY_CFBundleDisplayName = OneSignalNotificationServiceExtension;
				INFOPLIST_KEY_NSHumanReadableCopyright = "";
				IPHONEOS_DEPLOYMENT_TARGET = 13.4;
				LD_RUNPATH_SEARCH_PATHS = (
					"$(inherited)",
					"@executable_path/Frameworks",
					"@executable_path/../../Frameworks",
				);
				MARKETING_VERSION = 1.0;
				MTL_ENABLE_DEBUG_INFO = INCLUDE_SOURCE;
				MTL_FAST_MATH = YES;
				PRODUCT_BUNDLE_IDENTIFIER = com.qvapay.pay.OneSignalNotificationServiceExtension;
				PRODUCT_NAME = "$(TARGET_NAME)";
				SKIP_INSTALL = YES;
				SWIFT_ACTIVE_COMPILATION_CONDITIONS = DEBUG;
				SWIFT_EMIT_LOC_STRINGS = YES;
				SWIFT_OPTIMIZATION_LEVEL = "-Onone";
				SWIFT_VERSION = 5.0;
				TARGETED_DEVICE_FAMILY = "1,2";
			};
			name = Debug;
		};
		77DA14372A61EFF9006631CB /* Release */ = {
			isa = XCBuildConfiguration;
			baseConfigurationReference = 1589256E3BB171275FD3EEBE /* Pods-OneSignalNotificationServiceExtension.release.xcconfig */;
			buildSettings = {
				CLANG_ANALYZER_NONNULL = YES;
				CLANG_ANALYZER_NUMBER_OBJECT_CONVERSION = YES_AGGRESSIVE;
				CLANG_CXX_LANGUAGE_STANDARD = "gnu++20";
				CLANG_ENABLE_OBJC_WEAK = YES;
				CLANG_WARN_DOCUMENTATION_COMMENTS = YES;
				CLANG_WARN_UNGUARDED_AVAILABILITY = YES_AGGRESSIVE;
				CODE_SIGN_ENTITLEMENTS = OneSignalNotificationServiceExtension/OneSignalNotificationServiceExtension.entitlements;
				CODE_SIGN_STYLE = Automatic;
				COPY_PHASE_STRIP = NO;
				CURRENT_PROJECT_VERSION = 1;
				DEBUG_INFORMATION_FORMAT = "dwarf-with-dsym";
				DEVELOPMENT_TEAM = Q3R873AWGZ;
				GCC_C_LANGUAGE_STANDARD = gnu11;
				GENERATE_INFOPLIST_FILE = YES;
				INFOPLIST_FILE = OneSignalNotificationServiceExtension/Info.plist;
				INFOPLIST_KEY_CFBundleDisplayName = OneSignalNotificationServiceExtension;
				INFOPLIST_KEY_NSHumanReadableCopyright = "";
				IPHONEOS_DEPLOYMENT_TARGET = 13.4;
				LD_RUNPATH_SEARCH_PATHS = (
					"$(inherited)",
					"@executable_path/Frameworks",
					"@executable_path/../../Frameworks",
				);
				MARKETING_VERSION = 1.0;
				MTL_FAST_MATH = YES;
				PRODUCT_BUNDLE_IDENTIFIER = com.qvapay.pay.OneSignalNotificationServiceExtension;
				PRODUCT_NAME = "$(TARGET_NAME)";
				SKIP_INSTALL = YES;
				SWIFT_COMPILATION_MODE = wholemodule;
				SWIFT_EMIT_LOC_STRINGS = YES;
				SWIFT_OPTIMIZATION_LEVEL = "-O";
				SWIFT_VERSION = 5.0;
				TARGETED_DEVICE_FAMILY = "1,2";
			};
			name = Release;
		};
		83CBBA201A601CBA00E9B192 /* Debug */ = {
			isa = XCBuildConfiguration;
			buildSettings = {
				ALWAYS_SEARCH_USER_PATHS = NO;
				CLANG_ANALYZER_LOCALIZABILITY_NONLOCALIZED = YES;
				CLANG_CXX_LANGUAGE_STANDARD = "c++17";
				CLANG_CXX_LIBRARY = "libc++";
				CLANG_ENABLE_MODULES = YES;
				CLANG_ENABLE_OBJC_ARC = YES;
				CLANG_WARN_BLOCK_CAPTURE_AUTORELEASING = YES;
				CLANG_WARN_BOOL_CONVERSION = YES;
				CLANG_WARN_COMMA = YES;
				CLANG_WARN_CONSTANT_CONVERSION = YES;
				CLANG_WARN_DEPRECATED_OBJC_IMPLEMENTATIONS = YES;
				CLANG_WARN_DIRECT_OBJC_ISA_USAGE = YES_ERROR;
				CLANG_WARN_EMPTY_BODY = YES;
				CLANG_WARN_ENUM_CONVERSION = YES;
				CLANG_WARN_INFINITE_RECURSION = YES;
				CLANG_WARN_INT_CONVERSION = YES;
				CLANG_WARN_NON_LITERAL_NULL_CONVERSION = YES;
				CLANG_WARN_OBJC_IMPLICIT_RETAIN_SELF = YES;
				CLANG_WARN_OBJC_LITERAL_CONVERSION = YES;
				CLANG_WARN_OBJC_ROOT_CLASS = YES_ERROR;
				CLANG_WARN_QUOTED_INCLUDE_IN_FRAMEWORK_HEADER = YES;
				CLANG_WARN_RANGE_LOOP_ANALYSIS = YES;
				CLANG_WARN_STRICT_PROTOTYPES = YES;
				CLANG_WARN_SUSPICIOUS_MOVE = YES;
				CLANG_WARN_UNREACHABLE_CODE = YES;
				CLANG_WARN__DUPLICATE_METHOD_MATCH = YES;
				"CODE_SIGN_IDENTITY[sdk=iphoneos*]" = "iPhone Developer";
				COPY_PHASE_STRIP = NO;
				ENABLE_STRICT_OBJC_MSGSEND = YES;
				ENABLE_TESTABILITY = YES;
				"EXCLUDED_ARCHS[sdk=iphonesimulator*]" = i386;
				GCC_C_LANGUAGE_STANDARD = gnu99;
				GCC_DYNAMIC_NO_PIC = NO;
				GCC_NO_COMMON_BLOCKS = YES;
				GCC_OPTIMIZATION_LEVEL = 0;
				GCC_PREPROCESSOR_DEFINITIONS = (
					"DEBUG=1",
					"$(inherited)",
				);
				GCC_SYMBOLS_PRIVATE_EXTERN = NO;
				GCC_WARN_64_TO_32_BIT_CONVERSION = YES;
				GCC_WARN_ABOUT_RETURN_TYPE = YES_ERROR;
				GCC_WARN_UNDECLARED_SELECTOR = YES;
				GCC_WARN_UNINITIALIZED_AUTOS = YES_AGGRESSIVE;
				GCC_WARN_UNUSED_FUNCTION = YES;
				GCC_WARN_UNUSED_VARIABLE = YES;
				IPHONEOS_DEPLOYMENT_TARGET = 13.4;
				LD_RUNPATH_SEARCH_PATHS = (
					/usr/lib/swift,
					"$(inherited)",
				);
				LIBRARY_SEARCH_PATHS = (
					"\"$(SDKROOT)/usr/lib/swift\"",
					"\"$(TOOLCHAIN_DIR)/usr/lib/swift/$(PLATFORM_NAME)\"",
					"\"$(inherited)\"",
				);
				MTL_ENABLE_DEBUG_INFO = YES;
				ONLY_ACTIVE_ARCH = YES;
				OTHER_CFLAGS = "$(inherited)  ";
				OTHER_CPLUSPLUSFLAGS = (
					"$(OTHER_CFLAGS)",
					"-DFOLLY_NO_CONFIG",
					"-DFOLLY_MOBILE=1",
					"-DFOLLY_USE_LIBCPP=1",
				);
				REACT_NATIVE_PATH = "${PODS_ROOT}/../../node_modules/react-native";
				SDKROOT = iphoneos;
			};
			name = Debug;
		};
		83CBBA211A601CBA00E9B192 /* Release */ = {
			isa = XCBuildConfiguration;
			buildSettings = {
				ALWAYS_SEARCH_USER_PATHS = NO;
				CLANG_ANALYZER_LOCALIZABILITY_NONLOCALIZED = YES;
				CLANG_CXX_LANGUAGE_STANDARD = "c++17";
				CLANG_CXX_LIBRARY = "libc++";
				CLANG_ENABLE_MODULES = YES;
				CLANG_ENABLE_OBJC_ARC = YES;
				CLANG_WARN_BLOCK_CAPTURE_AUTORELEASING = YES;
				CLANG_WARN_BOOL_CONVERSION = YES;
				CLANG_WARN_COMMA = YES;
				CLANG_WARN_CONSTANT_CONVERSION = YES;
				CLANG_WARN_DEPRECATED_OBJC_IMPLEMENTATIONS = YES;
				CLANG_WARN_DIRECT_OBJC_ISA_USAGE = YES_ERROR;
				CLANG_WARN_EMPTY_BODY = YES;
				CLANG_WARN_ENUM_CONVERSION = YES;
				CLANG_WARN_INFINITE_RECURSION = YES;
				CLANG_WARN_INT_CONVERSION = YES;
				CLANG_WARN_NON_LITERAL_NULL_CONVERSION = YES;
				CLANG_WARN_OBJC_IMPLICIT_RETAIN_SELF = YES;
				CLANG_WARN_OBJC_LITERAL_CONVERSION = YES;
				CLANG_WARN_OBJC_ROOT_CLASS = YES_ERROR;
				CLANG_WARN_QUOTED_INCLUDE_IN_FRAMEWORK_HEADER = YES;
				CLANG_WARN_RANGE_LOOP_ANALYSIS = YES;
				CLANG_WARN_STRICT_PROTOTYPES = YES;
				CLANG_WARN_SUSPICIOUS_MOVE = YES;
				CLANG_WARN_UNREACHABLE_CODE = YES;
				CLANG_WARN__DUPLICATE_METHOD_MATCH = YES;
				"CODE_SIGN_IDENTITY[sdk=iphoneos*]" = "iPhone Developer";
				COPY_PHASE_STRIP = YES;
				ENABLE_NS_ASSERTIONS = NO;
				ENABLE_STRICT_OBJC_MSGSEND = YES;
				"EXCLUDED_ARCHS[sdk=iphonesimulator*]" = i386;
				GCC_C_LANGUAGE_STANDARD = gnu99;
				GCC_NO_COMMON_BLOCKS = YES;
				GCC_WARN_64_TO_32_BIT_CONVERSION = YES;
				GCC_WARN_ABOUT_RETURN_TYPE = YES_ERROR;
				GCC_WARN_UNDECLARED_SELECTOR = YES;
				GCC_WARN_UNINITIALIZED_AUTOS = YES_AGGRESSIVE;
				GCC_WARN_UNUSED_FUNCTION = YES;
				GCC_WARN_UNUSED_VARIABLE = YES;
				IPHONEOS_DEPLOYMENT_TARGET = 13.4;
				LD_RUNPATH_SEARCH_PATHS = (
					/usr/lib/swift,
					"$(inherited)",
				);
				LIBRARY_SEARCH_PATHS = (
					"\"$(SDKROOT)/usr/lib/swift\"",
					"\"$(TOOLCHAIN_DIR)/usr/lib/swift/$(PLATFORM_NAME)\"",
					"\"$(inherited)\"",
				);
				MTL_ENABLE_DEBUG_INFO = NO;
				OTHER_CFLAGS = "$(inherited)  ";
				OTHER_CPLUSPLUSFLAGS = (
					"$(OTHER_CFLAGS)",
					"-DFOLLY_NO_CONFIG",
					"-DFOLLY_MOBILE=1",
					"-DFOLLY_USE_LIBCPP=1",
				);
				REACT_NATIVE_PATH = "${PODS_ROOT}/../../node_modules/react-native";
				SDKROOT = iphoneos;
				VALIDATE_PRODUCT = YES;
			};
			name = Release;
		};
/* End XCBuildConfiguration section */

/* Begin XCConfigurationList section */
		13B07F931A680F5B00A75B9A /* Build configuration list for PBXNativeTarget "qp" */ = {
			isa = XCConfigurationList;
			buildConfigurations = (
				13B07F941A680F5B00A75B9A /* Debug */,
				13B07F951A680F5B00A75B9A /* Release */,
			);
			defaultConfigurationIsVisible = 0;
			defaultConfigurationName = Release;
		};
		77DA14352A61EFF9006631CB /* Build configuration list for PBXNativeTarget "OneSignalNotificationServiceExtension" */ = {
			isa = XCConfigurationList;
			buildConfigurations = (
				77DA14362A61EFF9006631CB /* Debug */,
				77DA14372A61EFF9006631CB /* Release */,
			);
			defaultConfigurationIsVisible = 0;
			defaultConfigurationName = Release;
		};
		83CBB9FA1A601CBA00E9B192 /* Build configuration list for PBXProject "qp" */ = {
			isa = XCConfigurationList;
			buildConfigurations = (
				83CBBA201A601CBA00E9B192 /* Debug */,
				83CBBA211A601CBA00E9B192 /* Release */,
			);
			defaultConfigurationIsVisible = 0;
			defaultConfigurationName = Release;
		};
/* End XCConfigurationList section */
	};
	rootObject = 83CBB9F71A601CBA00E9B192 /* Project object */;
}
